
Microsoft Visual Studio Solution File, Format Version 12.00
# Visual Studio Version 17
VisualStudioVersion = 17.5.002.0
MinimumVisualStudioVersion = 10.0.40219.1
Project("{9A19103F-16F7-4668-BE54-9A1E7A4F7556}") = "lab-1", "lab-1\lab-1.csproj", "{C7D36779-57A0-44EA-8470-3855DED5AB4A}"
EndProject
Project("{9A19103F-16F7-4668-BE54-9A1E7A4F7556}") = "lab-2", "lab-2\lab-2.csproj", "{42804AD3-FF75-4D5F-AAC5-D6A7BC6CB884}"
EndProject
Project("{9A19103F-16F7-4668-BE54-9A1E7A4F7556}") = "lab-3", "lab-3\lab-3.csproj", "{641CD538-9A71-40CD-B297-1DEE38F66557}"
EndProject
Global
	GlobalSection(SolutionConfigurationPlatforms) = preSolution
		Debug|Any CPU = Debug|Any CPU
		Release|Any CPU = Release|Any CPU
	EndGlobalSection
	GlobalSection(ProjectConfigurationPlatforms) = postSolution
		{C7D36779-57A0-44EA-8470-3855DED5AB4A}.Debug|Any CPU.ActiveCfg = Debug|Any CPU
		{C7D36779-57A0-44EA-8470-3855DED5AB4A}.Debug|Any CPU.Build.0 = Debug|Any CPU
		{C7D36779-57A0-44EA-8470-3855DED5AB4A}.Release|Any CPU.ActiveCfg = Release|Any CPU
		{C7D36779-57A0-44EA-8470-3855DED5AB4A}.Release|Any CPU.Build.0 = Release|Any CPU
		{42804AD3-FF75-4D5F-AAC5-D6A7BC6CB884}.Debug|Any CPU.ActiveCfg = Debug|Any CPU
		{42804AD3-FF75-4D5F-AAC5-D6A7BC6CB884}.Debug|Any CPU.Build.0 = Debug|Any CPU
		{42804AD3-FF75-4D5F-AAC5-D6A7BC6CB884}.Release|Any CPU.ActiveCfg = Release|Any CPU
		{42804AD3-FF75-4D5F-AAC5-D6A7BC6CB884}.Release|Any CPU.Build.0 = Release|Any CPU
		{641CD538-9A71-40CD-B297-1DEE38F66557}.Debug|Any CPU.ActiveCfg = Debug|Any CPU
		{641CD538-9A71-40CD-B297-1DEE38F66557}.Debug|Any CPU.Build.0 = Debug|Any CPU
		{641CD538-9A71-40CD-B297-1DEE38F66557}.Release|Any CPU.ActiveCfg = Release|Any CPU
		{641CD538-9A71-40CD-B297-1DEE38F66557}.Release|Any CPU.Build.0 = Release|Any CPU
	EndGlobalSection
	GlobalSection(SolutionProperties) = preSolution
		HideSolutionNode = FALSE
	EndGlobalSection
	GlobalSection(ExtensibilityGlobals) = postSolution
		SolutionGuid = {49C8741F-2651-47DA-A2EF-616A626536BA}
	EndGlobalSection
EndGlobal
